{
  "name": "backup-game",
  "version": "1.0.0",
  "lockfileVersion": 1,
  "requires": true,
  "dependencies": {
    "@pixi/accessibility": {
      "version": "5.3.12",
      "resolved": "https://registry.npmjs.org/@pixi/accessibility/-/accessibility-5.3.12.tgz",
      "integrity": "sha512-JnfII2VsIeIpvyn1VMNDlhhq5BzHwwHn8sMRKhS3kFyxn4CdP0E4Ktn3/QK0vmL9sHCeTlto5Ybj3uuoKZwCWg==",
      "requires": {
        "@pixi/core": "5.3.12",
        "@pixi/display": "5.3.12",
        "@pixi/utils": "5.3.12"
      }
    },
    "@pixi/app": {
      "version": "5.3.12",
      "resolved": "https://registry.npmjs.org/@pixi/app/-/app-5.3.12.tgz",
      "integrity": "sha512-XMpqoO+1BFIVakgHX/VlBaO4qWxg9TitvybDeXZxyVlSCG84DMNulN55jYufVp92nqHhiRr2fAIc9JDccOcNcQ==",
      "requires": {
        "@pixi/core": "5.3.12",
        "@pixi/display": "5.3.12"
      }
    },
    "@pixi/constants": {
      "version": "5.3.12",
      "resolved": "https://registry.npmjs.org/@pixi/constants/-/constants-5.3.12.tgz",
      "integrity": "sha512-UcuvZZ8cQu+ZC7ufLpKi8NfZX0FncPuxKd0Rf6u6pzO2SmHPq4C1moXYGDnkZjPFAjNYFFHC7chU+zolMtkL/g=="
    },
    "@pixi/core": {
      "version": "5.3.12",
      "resolved": "https://registry.npmjs.org/@pixi/core/-/core-5.3.12.tgz",
      "integrity": "sha512-SKZPU2mP4UE4trWOTcubGekKwopnotbyR2X8nb68wffBd1GzMoaxyakltfJF2oCV/ivrru/biP4CkW9K6MJ56g==",
      "requires": {
        "@pixi/constants": "5.3.12",
        "@pixi/math": "5.3.12",
        "@pixi/runner": "5.3.12",
        "@pixi/settings": "5.3.12",
        "@pixi/ticker": "5.3.12",
        "@pixi/utils": "5.3.12"
      }
    },
    "@pixi/display": {
      "version": "5.3.12",
      "resolved": "https://registry.npmjs.org/@pixi/display/-/display-5.3.12.tgz",
      "integrity": "sha512-/fsH/GAxc62rvwTnmrnV8oGCkk4LwJ9pt2Jv3UIorNsjXyL0V5fGw7uZnilF2eSdu6LgQKBMWPOtBF0TNML3lg==",
      "requires": {
        "@pixi/math": "5.3.12",
        "@pixi/settings": "5.3.12",
        "@pixi/utils": "5.3.12"
      }
    },
    "@pixi/extract": {
      "version": "5.3.12",
      "resolved": "https://registry.npmjs.org/@pixi/extract/-/extract-5.3.12.tgz",
      "integrity": "sha512-PRs9sKeZT+eYSD8wGUqSjHhIRrfvnLU65IIJYlmgTxYo9U4rwzykt74v09ggMj/GFUpjsILISA5VIXM1TV79PQ==",
      "requires": {
        "@pixi/core": "5.3.12",
        "@pixi/math": "5.3.12",
        "@pixi/utils": "5.3.12"
      }
    },
    "@pixi/filter-alpha": {
      "version": "5.3.12",
      "resolved": "https://registry.npmjs.org/@pixi/filter-alpha/-/filter-alpha-5.3.12.tgz",
      "integrity": "sha512-/VG+ojZZwStLfiYVKcX4XsXNiPZpv40ZgiDL6igZOMqUsWn7n7dhIgytmbx6uTUWfxIPlOQH3bJGEyAHVEgzZA==",
      "requires": {
        "@pixi/core": "5.3.12"
      }
    },
    "@pixi/filter-blur": {
      "version": "5.3.12",
      "resolved": "https://registry.npmjs.org/@pixi/filter-blur/-/filter-blur-5.3.12.tgz",
      "integrity": "sha512-8zuOmztmuXCl1pXQpycKTS8HmXPtkmMe6xM93Q1gT7CRLzyS97H3pQAh4YuaGOrJslOKBNDrGVzLVY95fxjcTQ==",
      "requires": {
        "@pixi/core": "5.3.12",
        "@pixi/settings": "5.3.12"
      }
    },
    "@pixi/filter-color-matrix": {
      "version": "5.3.12",
      "resolved": "https://registry.npmjs.org/@pixi/filter-color-matrix/-/filter-color-matrix-5.3.12.tgz",
      "integrity": "sha512-CblKOry/TvFm7L7iangxYtvQgO3a9n5MsmxDUue68DWZa/iI4r/3TSnsvA+Iijr590e9GsWxy3mj9P4HBMOGTA==",
      "requires": {
        "@pixi/core": "5.3.12"
      }
    },
    "@pixi/filter-displacement": {
      "version": "5.3.12",
      "resolved": "https://registry.npmjs.org/@pixi/filter-displacement/-/filter-displacement-5.3.12.tgz",
      "integrity": "sha512-D/LpJxnGi85wHB6VeBpw0FQAN0mzHHUYNxCADwUhknY+SKfP5RhaYOlk79zqOuakBfQTzL3lPgMNH2EC85EJPw==",
      "requires": {
        "@pixi/core": "5.3.12",
        "@pixi/math": "5.3.12"
      }
    },
    "@pixi/filter-fxaa": {
      "version": "5.3.12",
      "resolved": "https://registry.npmjs.org/@pixi/filter-fxaa/-/filter-fxaa-5.3.12.tgz",
      "integrity": "sha512-EI+foorDnYUAy7VF3fzi635u/dyf5EHZOFovGEDrHm/ZTmEJ1i6RolwexCN94vf6HGfaDrIgNmqFcKWtbIvJFA==",
      "requires": {
        "@pixi/core": "5.3.12"
      }
    },
    "@pixi/filter-noise": {
      "version": "5.3.12",
      "resolved": "https://registry.npmjs.org/@pixi/filter-noise/-/filter-noise-5.3.12.tgz",
      "integrity": "sha512-9KWmlM2zRryY6o0bfNOHAckdCk8X7g9XWZbmEIXZZs7Jr90C1+RhDreqNs8OrMukmNo2cW9hMrshHgJ9aA1ftQ==",
      "requires": {
        "@pixi/core": "5.3.12"
      }
    },
    "@pixi/graphics": {
      "version": "5.3.12",
      "resolved": "https://registry.npmjs.org/@pixi/graphics/-/graphics-5.3.12.tgz",
      "integrity": "sha512-uBmFvq15rX0f459/4F2EnR2UhCgfwMWVJDB1L3OnCqQePE/z3ju4mfWEwOT+I7gGejWlGNE6YLdEMVNw/3zb6w==",
      "requires": {
        "@pixi/constants": "5.3.12",
        "@pixi/core": "5.3.12",
        "@pixi/display": "5.3.12",
        "@pixi/math": "5.3.12",
        "@pixi/sprite": "5.3.12",
        "@pixi/utils": "5.3.12"
      }
    },
    "@pixi/interaction": {
      "version": "5.3.12",
      "resolved": "https://registry.npmjs.org/@pixi/interaction/-/interaction-5.3.12.tgz",
      "integrity": "sha512-Ks7vHDfDI58r1TzKHabnQXcXzFbUu2Sb4eQ3/jnzI/xGB5Z8Q0kS7RwJtFOWNZ67HHQdoHFkQIozTUXVXHs3oA==",
      "requires": {
        "@pixi/core": "5.3.12",
        "@pixi/display": "5.3.12",
        "@pixi/math": "5.3.12",
        "@pixi/ticker": "5.3.12",
        "@pixi/utils": "5.3.12"
      }
    },
    "@pixi/loaders": {
      "version": "5.3.12",
      "resolved": "https://registry.npmjs.org/@pixi/loaders/-/loaders-5.3.12.tgz",
      "integrity": "sha512-M56m1GKpCChFqSic9xrdtQOXFqwYMvGzDXNpsKIsQbkHooaJhUR5UxSPaNiGC4qWv0TO9w8ANouxeX2v6js4eg==",
      "requires": {
        "@pixi/core": "5.3.12",
        "@pixi/utils": "5.3.12",
        "resource-loader": "^3.0.1"
      }
    },
    "@pixi/math": {
      "version": "5.3.12",
      "resolved": "https://registry.npmjs.org/@pixi/math/-/math-5.3.12.tgz",
      "integrity": "sha512-VMccUVKSRlLFTGQu6Z450q/W6LVibaFWEo2eSZZfxz+hwjlYiqRPx4heG++4Y6tGskZK7W8l8h+2ixjmo65FCg=="
    },
    "@pixi/mesh": {
      "version": "5.3.12",
      "resolved": "https://registry.npmjs.org/@pixi/mesh/-/mesh-5.3.12.tgz",
      "integrity": "sha512-8ZiGZsZQBWoP1p8t9bSl/AfERb5l3QlwnY9zYVMDydF/UWfN1gKcYO4lKvaXw/HnLi4ZjE+OHoZVmePss9zzaw==",
      "requires": {
        "@pixi/constants": "5.3.12",
        "@pixi/core": "5.3.12",
        "@pixi/display": "5.3.12",
        "@pixi/math": "5.3.12",
        "@pixi/settings": "5.3.12",
        "@pixi/utils": "5.3.12"
      }
    },
    "@pixi/mesh-extras": {
      "version": "5.3.12",
      "resolved": "https://registry.npmjs.org/@pixi/mesh-extras/-/mesh-extras-5.3.12.tgz",
      "integrity": "sha512-tEBEEIh96aSGJ/KObdtlNcSzVfgrl9fBhvdUDOHepSyVG+SkmX4LMqP3DkGl6iUBDiq9FBRFaRgbxEd8G2U7yw==",
      "requires": {
        "@pixi/constants": "5.3.12",
        "@pixi/core": "5.3.12",
        "@pixi/math": "5.3.12",
        "@pixi/mesh": "5.3.12",
        "@pixi/utils": "5.3.12"
      }
    },
    "@pixi/mixin-cache-as-bitmap": {
      "version": "5.3.12",
      "resolved": "https://registry.npmjs.org/@pixi/mixin-cache-as-bitmap/-/mixin-cache-as-bitmap-5.3.12.tgz",
      "integrity": "sha512-hPiu8jCQJctN3OVJDgh7jqdtRgyB3qH1BWLM742MOZLjYnbOSamnqmI8snG+tba5yj/WfdjKB+8v0WNwEXlH6w==",
      "requires": {
        "@pixi/core": "5.3.12",
        "@pixi/display": "5.3.12",
        "@pixi/math": "5.3.12",
        "@pixi/settings": "5.3.12",
        "@pixi/sprite": "5.3.12",
        "@pixi/utils": "5.3.12"
      }
    },
    "@pixi/mixin-get-child-by-name": {
      "version": "5.3.12",
      "resolved": "https://registry.npmjs.org/@pixi/mixin-get-child-by-name/-/mixin-get-child-by-name-5.3.12.tgz",
      "integrity": "sha512-VQv0GMNmfyBfug9pnvN5s/ZMKJ/AXvg+4RULTpwHFtAwlCdZu9IeNb4eviSSAwtOeBAtqk5c0MQSsdOUWOeIkA==",
      "requires": {
        "@pixi/display": "5.3.12"
      }
    },
    "@pixi/mixin-get-global-position": {
      "version": "5.3.12",
      "resolved": "https://registry.npmjs.org/@pixi/mixin-get-global-position/-/mixin-get-global-position-5.3.12.tgz",
      "integrity": "sha512-qxsfCC9BsKSjBlMH1Su/AVwsrzY8NHfcut5GkVvm2wa9+ypxFwU5fVsmk6+4a9G7af3iqmOlc9YDymAvbi+e8g==",
      "requires": {
        "@pixi/display": "5.3.12",
        "@pixi/math": "5.3.12"
      }
    },
    "@pixi/particles": {
      "version": "5.3.12",
      "resolved": "https://registry.npmjs.org/@pixi/particles/-/particles-5.3.12.tgz",
      "integrity": "sha512-SV/gOJBFa4jpsEM90f1bz5EuMMiNAz81mu+lhiUxdQQjZ8y/S4TiK7OAiyc+hUtp97JbJ//6u+4ynGwbhV+WDA==",
      "requires": {
        "@pixi/constants": "5.3.12",
        "@pixi/core": "5.3.12",
        "@pixi/display": "5.3.12",
        "@pixi/math": "5.3.12",
        "@pixi/utils": "5.3.12"
      }
    },
    "@pixi/polyfill": {
      "version": "5.3.12",
      "resolved": "https://registry.npmjs.org/@pixi/polyfill/-/polyfill-5.3.12.tgz",
      "integrity": "sha512-qkm8TBIb6m7FmE/Cd/yVagONDlVF5/cWFSSnk4pWA/vt/HLNrXgY9Tx0IXAk6NNK/xc5deGcLPc4iw+DlEhsQw==",
      "requires": {
        "es6-promise-polyfill": "^1.2.0",
        "object-assign": "^4.1.1"
      }
    },
    "@pixi/prepare": {
      "version": "5.3.12",
      "resolved": "https://registry.npmjs.org/@pixi/prepare/-/prepare-5.3.12.tgz",
      "integrity": "sha512-loZhLzV4riet9MU72WpWIYF6LgbRM78S4soeZOr5SzL1/U5mBneOOmfStaui7dN2GKQKp5GLygDF4dH3FPalnA==",
      "requires": {
        "@pixi/core": "5.3.12",
        "@pixi/display": "5.3.12",
        "@pixi/graphics": "5.3.12",
        "@pixi/settings": "5.3.12",
        "@pixi/text": "5.3.12",
        "@pixi/ticker": "5.3.12"
      }
    },
    "@pixi/runner": {
      "version": "5.3.12",
      "resolved": "https://registry.npmjs.org/@pixi/runner/-/runner-5.3.12.tgz",
      "integrity": "sha512-I5mXx4BiP8Bx5CFIXy3XV3ABYFXbIWaY6FxWsNFkySn0KUhizN7SarPdhFGs//hJuC54EH2FsKKNa98Lfc2nCQ=="
    },
    "@pixi/settings": {
      "version": "5.3.12",
      "resolved": "https://registry.npmjs.org/@pixi/settings/-/settings-5.3.12.tgz",
      "integrity": "sha512-tLAa8tpDGllgj88NMUQn2Obn9MFJfHNF/CKs8aBhfeZGU4yL4PZDtlI+tqaB1ITGl3xxyHmJK+qfmv5lJn+zyA==",
      "requires": {
        "ismobilejs": "^1.1.0"
      }
    },
    "@pixi/sprite": {
      "version": "5.3.12",
      "resolved": "https://registry.npmjs.org/@pixi/sprite/-/sprite-5.3.12.tgz",
      "integrity": "sha512-vticet92RFZ3nDZ6/VDwZ7RANO0jzyXOF/5RuJf0yNVJgBoH4cNix520FfsBWE2ormD+z5t1KEmFeW4e35z2kw==",
      "requires": {
        "@pixi/constants": "5.3.12",
        "@pixi/core": "5.3.12",
        "@pixi/display": "5.3.12",
        "@pixi/math": "5.3.12",
        "@pixi/settings": "5.3.12",
        "@pixi/utils": "5.3.12"
      }
    },
    "@pixi/sprite-animated": {
      "version": "5.3.12",
      "resolved": "https://registry.npmjs.org/@pixi/sprite-animated/-/sprite-animated-5.3.12.tgz",
      "integrity": "sha512-WkGdGRfqboXFzMZ/SM6pCVukYmG2E2IlpcFz7aEeWvKL2Icm4YtaCBpHHDU07vvA6fP6JrstlCx1RyTENtOeGA==",
      "requires": {
        "@pixi/core": "5.3.12",
        "@pixi/sprite": "5.3.12",
        "@pixi/ticker": "5.3.12"
      }
    },
    "@pixi/sprite-tiling": {
      "version": "5.3.12",
      "resolved": "https://registry.npmjs.org/@pixi/sprite-tiling/-/sprite-tiling-5.3.12.tgz",
      "integrity": "sha512-5/gtNT46jIo7M69sixqkta1aXVhl4NTwksD9wzqjdZkQG8XPpKmHtXamROY2Fw3R+m+KGgyK8ywAf78tPvxPwg==",
      "requires": {
        "@pixi/constants": "5.3.12",
        "@pixi/core": "5.3.12",
        "@pixi/display": "5.3.12",
        "@pixi/math": "5.3.12",
        "@pixi/sprite": "5.3.12",
        "@pixi/utils": "5.3.12"
      }
    },
    "@pixi/spritesheet": {
      "version": "5.3.12",
      "resolved": "https://registry.npmjs.org/@pixi/spritesheet/-/spritesheet-5.3.12.tgz",
      "integrity": "sha512-0t5HKgLx0uWtENtkW0zVpqvmfoxqMcRAYB7Nwk2lkgZMBPCOFtFF/4Kdp9Sam5X0EBMRGkmIelW3fD6pniSvCw==",
      "requires": {
        "@pixi/core": "5.3.12",
        "@pixi/loaders": "5.3.12",
        "@pixi/math": "5.3.12",
        "@pixi/utils": "5.3.12"
      }
    },
    "@pixi/text": {
      "version": "5.3.12",
      "resolved": "https://registry.npmjs.org/@pixi/text/-/text-5.3.12.tgz",
      "integrity": "sha512-tvrDVetwVjq1PVDR6jq4umN/Mv/EPHioEOHhyep63yvFIBFv75mDTg2Ye0CPzkmjqwXXvAY+hHpNwuOXTB40xw==",
      "requires": {
        "@pixi/core": "5.3.12",
        "@pixi/math": "5.3.12",
        "@pixi/settings": "5.3.12",
        "@pixi/sprite": "5.3.12",
        "@pixi/utils": "5.3.12"
      }
    },
    "@pixi/text-bitmap": {
      "version": "5.3.12",
      "resolved": "https://registry.npmjs.org/@pixi/text-bitmap/-/text-bitmap-5.3.12.tgz",
      "integrity": "sha512-tiorA3XdriJKJtUhMDcKX1umE3hGbaNJ/y0ZLuQ0lCvoTLrN9674HtveutoR9KkXWguDHCSk2cY+y3mNAvjPHA==",
      "requires": {
        "@pixi/core": "5.3.12",
        "@pixi/display": "5.3.12",
        "@pixi/loaders": "5.3.12",
        "@pixi/math": "5.3.12",
        "@pixi/mesh": "5.3.12",
        "@pixi/settings": "5.3.12",
        "@pixi/text": "5.3.12",
        "@pixi/utils": "5.3.12"
      }
    },
    "@pixi/ticker": {
      "version": "5.3.12",
      "resolved": "https://registry.npmjs.org/@pixi/ticker/-/ticker-5.3.12.tgz",
      "integrity": "sha512-YNYUj94XgogipYhPOjbdFBIsy7+U6KmolvK+Av1G88GDac5SDoALb1Nt6s23fd8HIz6b4YnabHOdXGz3zPir1Q==",
      "requires": {
        "@pixi/settings": "5.3.12"
      }
    },
    "@pixi/utils": {
      "version": "5.3.12",
      "resolved": "https://registry.npmjs.org/@pixi/utils/-/utils-5.3.12.tgz",
      "integrity": "sha512-PU/L852YjVbTy/6fDKQtYji6Vqcwi5FZNIjK6JXKuDPF411QfJK3QBaEqJTrexzHlc9Odr0tYECjwtXkCUR02g==",
      "requires": {
        "@pixi/constants": "5.3.12",
        "@pixi/settings": "5.3.12",
        "earcut": "^2.1.5",
        "eventemitter3": "^3.1.0",
        "url": "^0.11.0"
      }
    },
    "call-bind": {
      "version": "1.0.2",
      "resolved": "https://registry.npmjs.org/call-bind/-/call-bind-1.0.2.tgz",
      "integrity": "sha512-7O+FbCihrB5WGbFYesctwmTKae6rOiIzmz1icreWJ+0aA7LJfuqhEso2T9ncpcFtzMQtzXf2QGGueWJGTYsqrA==",
      "requires": {
        "function-bind": "^1.1.1",
        "get-intrinsic": "^1.0.2"
      }
    },
    "earcut": {
      "version": "2.2.4",
      "resolved": "https://registry.npmjs.org/earcut/-/earcut-2.2.4.tgz",
      "integrity": "sha512-/pjZsA1b4RPHbeWZQn66SWS8nZZWLQQ23oE3Eam7aroEFGEvwKAsJfZ9ytiEMycfzXWpca4FA9QIOehf7PocBQ=="
    },
    "es6-promise-polyfill": {
      "version": "1.2.0",
      "resolved": "https://registry.npmjs.org/es6-promise-polyfill/-/es6-promise-polyfill-1.2.0.tgz",
      "integrity": "sha512-HHb0vydCpoclpd0ySPkRXMmBw80MRt1wM4RBJBlXkux97K7gleabZdsR0gvE1nNPM9mgOZIBTzjjXiPxf4lIqQ=="
    },
    "esbuild": {
      "version": "0.8.43",
      "resolved": "https://registry.npmjs.org/esbuild/-/esbuild-0.8.43.tgz",
      "integrity": "sha512-ZVE2CpootS4jtnfV0bbtJdgRsHEXcMP0P7ZXGfTmNzzhBr2e5ag7Vp3ry0jmw8zduJz4iHzxg4m5jtPxWERz1w==",
      "dev": true
    },
    "eventemitter3": {
      "version": "3.1.2",
      "resolved": "https://registry.npmjs.org/eventemitter3/-/eventemitter3-3.1.2.tgz",
      "integrity": "sha512-tvtQIeLVHjDkJYnzf2dgVMxfuSGJeM/7UCG17TT4EumTfNtF+0nebF/4zWOIkCreAbtNqhGEboB6BWrwqNaw4Q=="
    },
    "fsevents": {
      "version": "2.3.2",
      "resolved": "https://registry.npmjs.org/fsevents/-/fsevents-2.3.2.tgz",
      "integrity": "sha512-xiqMQR4xAeHTuB9uWm+fFRcIOgKBMiOBP+eXiyT7jsgVCq1bkVygt00oASowB7EdtpOHaaPgKt812P9ab+DDKA==",
      "dev": true,
      "optional": true
    },
    "function-bind": {
      "version": "1.1.1",
      "resolved": "https://registry.npmjs.org/function-bind/-/function-bind-1.1.1.tgz",
      "integrity": "sha512-yIovAzMX49sF8Yl58fSCWJ5svSLuaibPxXQJFLmBObTuCr0Mf1KiPopGM9NiFjiYBCbfaa2Fh6breQ6ANVTI0A=="
    },
    "get-intrinsic": {
      "version": "1.2.1",
      "resolved": "https://registry.npmjs.org/get-intrinsic/-/get-intrinsic-1.2.1.tgz",
      "integrity": "sha512-2DcsyfABl+gVHEfCOaTrWgyt+tb6MSEGmKq+kI5HwLbIYgjgmMcV8KQ41uaKz1xxUcn9tJtgFbQUEVcEbd0FYw==",
      "requires": {
        "function-bind": "^1.1.1",
        "has": "^1.0.3",
        "has-proto": "^1.0.1",
        "has-symbols": "^1.0.3"
      }
    },
    "has": {
      "version": "1.0.3",
      "resolved": "https://registry.npmjs.org/has/-/has-1.0.3.tgz",
      "integrity": "sha512-f2dvO0VU6Oej7RkWJGrehjbzMAjFp5/VKPp5tTpWIV4JHHZK1/BxbFRtf/siA2SWTe09caDmVtYYzWEIbBS4zw==",
      "requires": {
        "function-bind": "^1.1.1"
      }
    },
    "has-proto": {
      "version": "1.0.1",
      "resolved": "https://registry.npmjs.org/has-proto/-/has-proto-1.0.1.tgz",
      "integrity": "sha512-7qE+iP+O+bgF9clE5+UoBFzE65mlBiVj3tKCrlNQ0Ogwm0BjpT/gK4SlLYDMybDh5I3TCTKnPPa0oMG7JDYrhg=="
    },
    "has-symbols": {
      "version": "1.0.3",
      "resolved": "https://registry.npmjs.org/has-symbols/-/has-symbols-1.0.3.tgz",
      "integrity": "sha512-l3LCuF6MgDNwTDKkdYGEihYjt5pRPbEg46rtlmnSPlUbgmB8LOIrKJbYYFBSbnPaJexMKtiPO8hmeRjRz2Td+A=="
    },
    "is-docker": {
      "version": "2.1.1",
      "resolved": "https://registry.npmjs.org/is-docker/-/is-docker-2.1.1.tgz",
      "integrity": "sha512-ZOoqiXfEwtGknTiuDEy8pN2CfE3TxMHprvNer1mXiqwkOT77Rw3YVrUQ52EqAOU3QAWDQ+bQdx7HJzrv7LS2Hw==",
      "dev": true
    },
    "is-wsl": {
      "version": "2.2.0",
      "resolved": "https://registry.npmjs.org/is-wsl/-/is-wsl-2.2.0.tgz",
      "integrity": "sha512-fKzAra0rGJUUBwGBgNkHZuToZcn+TtXHpeCgmkMJMMYx1sQDYaCSyjJBSCa2nH1DGm7s3n1oBnohoVTBaN7Lww==",
      "dev": true,
      "requires": {
        "is-docker": "^2.0.0"
      }
    },
    "ismobilejs": {
      "version": "1.1.1",
      "resolved": "https://registry.npmjs.org/ismobilejs/-/ismobilejs-1.1.1.tgz",
      "integrity": "sha512-VaFW53yt8QO61k2WJui0dHf4SlL8lxBofUuUmwBo0ljPk0Drz2TiuDW4jo3wDcv41qy/SxrJ+VAzJ/qYqsmzRw=="
    },
    "mini-signals": {
      "version": "1.2.0",
      "resolved": "https://registry.npmjs.org/mini-signals/-/mini-signals-1.2.0.tgz",
      "integrity": "sha512-alffqMkGCjjTSwvYMVLx+7QeJ6sTuxbXqBkP21my4iWU5+QpTQAJt3h7htA1OKm9F3BpMM0vnu72QIoiJakrLA=="
    },
    "object-assign": {
      "version": "4.1.1",
      "resolved": "https://registry.npmjs.org/object-assign/-/object-assign-4.1.1.tgz",
      "integrity": "sha512-rJgTQnkUnH1sFw8yT6VSU3zD3sWmu6sZhIseY8VX+GRu3P6F7Fu+JNDoXfklElbLJSnc3FUQHVe4cU5hj+BcUg=="
    },
    "object-inspect": {
      "version": "1.12.3",
      "resolved": "https://registry.npmjs.org/object-inspect/-/object-inspect-1.12.3.tgz",
      "integrity": "sha512-geUvdk7c+eizMNUDkRpW1wJwgfOiOeHbxBR/hLXK1aT6zmVSO0jsQcs7fj6MGw89jC/cjGfLcNOrtMYtGqm81g=="
    },
    "open": {
      "version": "7.4.0",
      "resolved": "https://registry.npmjs.org/open/-/open-7.4.0.tgz",
      "integrity": "sha512-PGoBCX/lclIWlpS/R2PQuIR4NJoXh6X5AwVzE7WXnWRGvHg7+4TBCgsujUgiPpm0K1y4qvQeWnCWVTpTKZBtvA==",
      "dev": true,
      "requires": {
        "is-docker": "^2.0.0",
        "is-wsl": "^2.1.1"
      }
    },
    "parse-uri": {
      "version": "1.0.7",
      "resolved": "https://registry.npmjs.org/parse-uri/-/parse-uri-1.0.7.tgz",
      "integrity": "sha512-eWuZCMKNlVkXrEoANdXxbmqhu2SQO9jUMCSpdbJDObin0JxISn6e400EWsSRbr/czdKvWKkhZnMKEGUwf/Plmg=="
    },
    "pixi-particles": {
      "version": "4.3.0",
      "resolved": "https://registry.npmjs.org/pixi-particles/-/pixi-particles-4.3.0.tgz",
      "integrity": "sha512-3G66vSFMbp+LnD3P6SYIxOo3f1X3yxkPbP1Tr2o+o18ZkkT6mePpCvsPUrM8s+xCW7oK816/wDYZXMtKzJ61CQ=="
    },
    "pixi.js": {
      "version": "5.3.12",
      "resolved": "https://registry.npmjs.org/pixi.js/-/pixi.js-5.3.12.tgz",
      "integrity": "sha512-XZzUhrq/m6fx3E0ESv/zXKEVR/GW82dPmbwdapIqsgAldKT2QqBYMfz1WuPf+Q9moPapywVNjjyxPvh+DNPmIg==",
      "requires": {
        "@pixi/accessibility": "5.3.12",
        "@pixi/app": "5.3.12",
        "@pixi/constants": "5.3.12",
        "@pixi/core": "5.3.12",
        "@pixi/display": "5.3.12",
        "@pixi/extract": "5.3.12",
        "@pixi/filter-alpha": "5.3.12",
        "@pixi/filter-blur": "5.3.12",
        "@pixi/filter-color-matrix": "5.3.12",
        "@pixi/filter-displacement": "5.3.12",
        "@pixi/filter-fxaa": "5.3.12",
        "@pixi/filter-noise": "5.3.12",
        "@pixi/graphics": "5.3.12",
        "@pixi/interaction": "5.3.12",
        "@pixi/loaders": "5.3.12",
        "@pixi/math": "5.3.12",
        "@pixi/mesh": "5.3.12",
        "@pixi/mesh-extras": "5.3.12",
        "@pixi/mixin-cache-as-bitmap": "5.3.12",
        "@pixi/mixin-get-child-by-name": "5.3.12",
        "@pixi/mixin-get-global-position": "5.3.12",
        "@pixi/particles": "5.3.12",
        "@pixi/polyfill": "5.3.12",
        "@pixi/prepare": "5.3.12",
        "@pixi/runner": "5.3.12",
        "@pixi/settings": "5.3.12",
        "@pixi/sprite": "5.3.12",
        "@pixi/sprite-animated": "5.3.12",
        "@pixi/sprite-tiling": "5.3.12",
        "@pixi/spritesheet": "5.3.12",
        "@pixi/text": "5.3.12",
        "@pixi/text-bitmap": "5.3.12",
        "@pixi/ticker": "5.3.12",
        "@pixi/utils": "5.3.12"
      }
    },
    "punycode": {
      "version": "1.4.1",
      "resolved": "https://registry.npmjs.org/punycode/-/punycode-1.4.1.tgz",
      "integrity": "sha512-jmYNElW7yvO7TV33CjSmvSiE2yco3bV2czu/OzDKdMNVZQWfxCblURLhf+47syQRBntjfLdd/H0egrzIG+oaFQ=="
    },
    "qs": {
      "version": "6.11.2",
      "resolved": "https://registry.npmjs.org/qs/-/qs-6.11.2.tgz",
      "integrity": "sha512-tDNIz22aBzCDxLtVH++VnTfzxlfeK5CbqohpSqpJgj1Wg/cQbStNAz3NuqCs5vV+pjBsK4x4pN9HlVh7rcYRiA==",
      "requires": {
        "side-channel": "^1.0.4"
      }
    },
    "resource-loader": {
      "version": "3.0.1",
      "resolved": "https://registry.npmjs.org/resource-loader/-/resource-loader-3.0.1.tgz",
      "integrity": "sha512-fBuCRbEHdLCI1eglzQhUv9Rrdcmqkydr1r6uHE2cYHvRBrcLXeSmbE/qI/urFt8rPr/IGxir3BUwM5kUK8XoyA==",
      "requires": {
        "mini-signals": "^1.2.0",
        "parse-uri": "^1.0.0"
      }
    },
    "rollup": {
      "version": "2.38.5",
      "resolved": "https://registry.npmjs.org/rollup/-/rollup-2.38.5.tgz",
      "integrity": "sha512-VoWt8DysFGDVRGWuHTqZzT02J0ASgjVq/hPs9QcBOGMd7B+jfTr/iqMVEyOi901rE3xq+Deq66GzIT1yt7sGwQ==",
      "dev": true,
      "requires": {
        "fsevents": "~2.3.1"
      }
    },
    "side-channel": {
      "version": "1.0.4",
      "resolved": "https://registry.npmjs.org/side-channel/-/side-channel-1.0.4.tgz",
      "integrity": "sha512-q5XPytqFEIKHkGdiMIrY10mvLRvnQh42/+GoBlFW3b2LXLE2xxJpZFdm94we0BaoV3RwJyGqg5wS7epxTv0Zvw==",
      "requires": {
        "call-bind": "^1.0.0",
        "get-intrinsic": "^1.0.2",
        "object-inspect": "^1.9.0"
      }
    },
    "snowpack": {
      "version": "3.0.11",
      "resolved": "https://registry.npmjs.org/snowpack/-/snowpack-3.0.11.tgz",
      "integrity": "sha512-lBxgkvWTgdg0szE31JUt01wQkA9Lnmm+6lxqeV9rxDfflpx7ASnldVHFvu7Se70QJmPTQB0UJjfKI+xmYGwiiQ==",
      "dev": true,
      "requires": {
        "esbuild": "^0.8.7",
        "fsevents": "^2.2.0",
        "open": "^7.0.4",
        "rollup": "^2.34.0"
      }
    },
    "url": {
      "version": "0.11.1",
      "resolved": "https://registry.npmjs.org/url/-/url-0.11.1.tgz",
      "integrity": "sha512-rWS3H04/+mzzJkv0eZ7vEDGiQbgquI1fGfOad6zKvgYQi1SzMmhl7c/DdRGxhaWrVH6z0qWITo8rpnxK/RfEhA==",
      "requires": {
        "punycode": "^1.4.1",
        "qs": "^6.11.0"
      }
    },
    "victor": {
      "version": "1.1.0",
      "resolved": "https://registry.npmjs.org/victor/-/victor-1.1.0.tgz",
      "integrity": "sha1-3jzHexVYmxsMeyLD2tKXA0qwAro="
    }
  }
}
